
Microsoft Visual Studio Solution File, Format Version 12.00
# Visual Studio Version 17
VisualStudioVersion = 17.2.32526.322
MinimumVisualStudioVersion = 10.0.40219.1
Project("{888888A0-9F3D-457C-B088-3A5042F75D52}") = "AstraCarta", "AstraCarta\AstraCarta.pyproj", "{406A81FF-6BDD-4972-8003-94BF15E4804C}"
EndProject
Global
	GlobalSection(SolutionConfigurationPlatforms) = preSolution
		Debug|Any CPU = Debug|Any CPU
		Release|Any CPU = Release|Any CPU
	EndGlobalSection
	GlobalSection(ProjectConfigurationPlatforms) = postSolution
		{406A81FF-6BDD-4972-8003-94BF15E4804C}.Debug|Any CPU.ActiveCfg = Debug|Any CPU
		{406A81FF-6BDD-4972-8003-94BF15E4804C}.Release|Any CPU.ActiveCfg = Release|Any CPU
	EndGlobalSection
	GlobalSection(SolutionProperties) = preSolution
		HideSolutionNode = FALSE
	EndGlobalSection
	GlobalSection(ExtensibilityGlobals) = postSolution
		SolutionGuid = {7F2DC98E-0FEB-428F-9897-3AD70F047C6C}
	EndGlobalSection
EndGlobal
